
Microsoft Visual Studio Solution File, Format Version 12.00
# Visual Studio Version 17
VisualStudioVersion = 17.1.32228.430
MinimumVisualStudioVersion = 10.0.40219.1
Project("{FAE04EC0-301F-11D3-BF4B-00C04F79EFBC}") = "DoubleVariables", "DoubleVariables\DoubleVariables.csproj", "{AEF01506-10F1-4227-8739-F9E68FF2F8EC}"
EndProject
Global
	GlobalSection(SolutionConfigurationPlatforms) = preSolution
		Debug|Any CPU = Debug|Any CPU
		Release|Any CPU = Release|Any CPU
	EndGlobalSection
	GlobalSection(ProjectConfigurationPlatforms) = postSolution
		{AEF01506-10F1-4227-8739-F9E68FF2F8EC}.Debug|Any CPU.ActiveCfg = Debug|Any CPU
		{AEF01506-10F1-4227-8739-F9E68FF2F8EC}.Debug|Any CPU.Build.0 = Debug|Any CPU
		{AEF01506-10F1-4227-8739-F9E68FF2F8EC}.Release|Any CPU.ActiveCfg = Release|Any CPU
		{AEF01506-10F1-4227-8739-F9E68FF2F8EC}.Release|Any CPU.Build.0 = Release|Any CPU
	EndGlobalSection
	GlobalSection(SolutionProperties) = preSolution
		HideSolutionNode = FALSE
	EndGlobalSection
	GlobalSection(ExtensibilityGlobals) = postSolution
		SolutionGuid = {3714C875-1DBD-447D-A360-5E07F84AA7AC}
	EndGlobalSection
EndGlobal
